# THIS IS AN AUTOGENERATED FILE. DO NOT EDIT THIS FILE DIRECTLY.
# yarn lockfile v1


argparse@^1.0.7:
  version "1.0.9"
  resolved "https://registry.yarnpkg.com/argparse/-/argparse-1.0.9.tgz#73d83bc263f86e97f8cc4f6bae1b0e90a7d22c86"
  dependencies:
    sprintf-js "~1.0.2"

ascli@~0.3:
  version "0.3.0"
  resolved "https://registry.yarnpkg.com/ascli/-/ascli-0.3.0.tgz#5e66230e5219fe3e8952a4efb4f20fae596a813a"
  dependencies:
    colour latest
    optjs latest

balanced-match@^0.4.1:
  version "0.4.2"
  resolved "https://registry.yarnpkg.com/balanced-match/-/balanced-match-0.4.2.tgz#cb3f3e3c732dc0f01ee70b403f302e61d7709838"

bindings@~1.2.1:
  version "1.2.1"
  resolved "https://registry.yarnpkg.com/bindings/-/bindings-1.2.1.tgz#14ad6113812d2d37d72e67b4cacb4bb726505f11"

bluebird-lst-c@^1.0.5:
  version "1.0.5"
  resolved "https://registry.yarnpkg.com/bluebird-lst-c/-/bluebird-lst-c-1.0.5.tgz#50da657dcde337a0e29d9e080ba714c5a52016e2"
  dependencies:
    bluebird "^3.4.6"

bluebird@^3.4.6:
  version "3.4.7"
  resolved "https://registry.yarnpkg.com/bluebird/-/bluebird-3.4.7.tgz#f72d760be09b7f76d08ed8fae98b289a8d05fab3"

brace-expansion@^1.0.0:
  version "1.1.6"
  resolved "https://registry.yarnpkg.com/brace-expansion/-/brace-expansion-1.1.6.tgz#7197d7eaa9b87e648390ea61fc66c84427420df9"
  dependencies:
    balanced-match "^0.4.1"
    concat-map "0.0.1"

bufferview@~1:
  version "1.0.1"
  resolved "https://registry.yarnpkg.com/bufferview/-/bufferview-1.0.1.tgz#7afd74a45f937fa422a1d338c08bbfdc76cd725d"

"bytebuffer@~3 >=3.5":
  version "3.5.5"
  resolved "https://registry.yarnpkg.com/bytebuffer/-/bytebuffer-3.5.5.tgz#7a6faf1a13514b083f1fcf9541c4c9bfbe7e7fd3"
  dependencies:
    bufferview "~1"
    long "~2 >=2.2.3"

castv2@^0.1.6:
  version "0.1.9"
  resolved "https://registry.yarnpkg.com/castv2/-/castv2-0.1.9.tgz#d0b0fab1fd06b0d9cca636886716ec1293a5905a"
  dependencies:
    debug "^2.2.0"
    protobufjs "^3.2.2"

clone@^1.0.2:
  version "1.0.2"
  resolved "https://registry.yarnpkg.com/clone/-/clone-1.0.2.tgz#260b7a99ebb1edfe247538175f783243cb19d149"

colour@latest:
  version "0.7.1"
  resolved "https://registry.yarnpkg.com/colour/-/colour-0.7.1.tgz#9cb169917ec5d12c0736d3e8685746df1cadf778"

concat-map@0.0.1:
  version "0.0.1"
  resolved "https://registry.yarnpkg.com/concat-map/-/concat-map-0.0.1.tgz#d8a96bd77fd68df7793a73036a3ba0d5405d477b"

debug@2.6.0, debug@^2.1.0, debug@^2.1.1, debug@^2.2.0:
  version "2.6.0"
  resolved "https://registry.yarnpkg.com/debug/-/debug-2.6.0.tgz#bc596bcabe7617f11d9fa15361eded5608b8499b"
  dependencies:
    ms "0.7.2"

deep-equal@^1.0.1:
  version "1.0.1"
  resolved "https://registry.yarnpkg.com/deep-equal/-/deep-equal-1.0.1.tgz#f5d260292b660e084eff4cdbc9f08ad3247448b5"

deep-extend@^0.4.1:
  version "0.4.1"
  resolved "https://registry.yarnpkg.com/deep-extend/-/deep-extend-0.4.1.tgz#efe4113d08085f4e6f9687759810f807469e2253"

dns-js@~0.2.1:
  version "0.2.1"
  resolved "https://registry.yarnpkg.com/dns-js/-/dns-js-0.2.1.tgz#5d66629b3c0e6a5eb0e14f0ae701d05f6ea46673"
  dependencies:
    debug "^2.1.0"
    qap "^3.1.2"

electron-auto-updater@^1.0.0:
  version "1.0.0"
  resolved "https://registry.yarnpkg.com/electron-auto-updater/-/electron-auto-updater-1.0.0.tgz#fcaac7cb48afa9c3ea1d48b0ff7f0eee1a51418e"
  dependencies:
    bluebird-lst-c "^1.0.5"
    electron-builder-http "11.3.0"
    fs-extra-p "^3.0.3"
    js-yaml "^3.7.0"
    semver "^5.3.0"
    source-map-support "^0.4.8"

electron-builder-http@11.3.0:
  version "11.3.0"
  resolved "https://registry.yarnpkg.com/electron-builder-http/-/electron-builder-http-11.3.0.tgz#9ac35fa08da30cff3c42dc3a2444958796afd117"
  dependencies:
    debug "2.6.0"
    fs-extra-p "^3.0.3"

electron-chromecast@^1.0.18:
  version "1.0.18"
  resolved "https://registry.yarnpkg.com/electron-chromecast/-/electron-chromecast-1.0.18.tgz#5c1dadbd3acb9d45097f8f3f6a47e05936dbb66f"
  dependencies:
    castv2 "^0.1.6"
    lodash "^4.13.1"
    node-mdns-easy "^1.0.0"

electron-settings@^2.2.2:
  version "2.2.2"
  resolved "https://registry.yarnpkg.com/electron-settings/-/electron-settings-2.2.2.tgz#5e56f17f6d908987028e6d6ed21f86d98d20a1ff"
  dependencies:
    clone "^1.0.2"
    debug "^2.2.0"
    deep-equal "^1.0.1"
    deep-extend "^0.4.1"
    file-exists "^2.0.0"
    fs-extra "^0.30.0"
    key-path-helpers "^0.4.0"

esprima@^2.6.0:
  version "2.7.3"
  resolved "https://registry.yarnpkg.com/esprima/-/esprima-2.7.3.tgz#96e3b70d5779f6ad49cd032673d1c312767ba581"

file-exists@^2.0.0:
  version "2.0.0"
  resolved "https://registry.yarnpkg.com/file-exists/-/file-exists-2.0.0.tgz#a24150665150e62d55bc5449281d88d2b0810dca"

fs-extra-p@^3.0.3:
  version "3.0.3"
  resolved "https://registry.yarnpkg.com/fs-extra-p/-/fs-extra-p-3.0.3.tgz#2e48b1e6c196feb75ac6f0c6419760ce8b847f33"
  dependencies:
    bluebird-lst-c "^1.0.5"
    fs-extra "^1.0.0"

fs-extra@^0.30.0:
  version "0.30.0"
  resolved "https://registry.yarnpkg.com/fs-extra/-/fs-extra-0.30.0.tgz#f233ffcc08d4da7d432daa449776989db1df93f0"
  dependencies:
    graceful-fs "^4.1.2"
    jsonfile "^2.1.0"
    klaw "^1.0.0"
    path-is-absolute "^1.0.0"
    rimraf "^2.2.8"

fs-extra@^1.0.0:
  version "1.0.0"
  resolved "https://registry.yarnpkg.com/fs-extra/-/fs-extra-1.0.0.tgz#cd3ce5f7e7cb6145883fcae3191e9877f8587950"
  dependencies:
    graceful-fs "^4.1.2"
    jsonfile "^2.1.0"
    klaw "^1.0.0"

fs.realpath@^1.0.0:
  version "1.0.0"
  resolved "https://registry.yarnpkg.com/fs.realpath/-/fs.realpath-1.0.0.tgz#1504ad2523158caa40db4a2787cb01411994ea4f"

glob@^7.0.5:
  version "7.1.1"
  resolved "https://registry.yarnpkg.com/glob/-/glob-7.1.1.tgz#805211df04faaf1c63a3600306cdf5ade50b2ec8"
  dependencies:
    fs.realpath "^1.0.0"
    inflight "^1.0.4"
    inherits "2"
    minimatch "^3.0.2"
    once "^1.3.0"
    path-is-absolute "^1.0.0"

graceful-fs@^4.1.2, graceful-fs@^4.1.6, graceful-fs@^4.1.9:
  version "4.1.11"
  resolved "https://registry.yarnpkg.com/graceful-fs/-/graceful-fs-4.1.11.tgz#0e8bdfe4d1ddb8854d64e04ea7c00e2a026e5658"

inflight@^1.0.4:
  version "1.0.6"
  resolved "https://registry.yarnpkg.com/inflight/-/inflight-1.0.6.tgz#49bd6331d7d02d0c09bc910a1075ba8165b56df9"
  dependencies:
    once "^1.3.0"
    wrappy "1"

inherits@2:
  version "2.0.3"
  resolved "https://registry.yarnpkg.com/inherits/-/inherits-2.0.3.tgz#633c2c83e3da42a502f52466022480f4208261de"

js-yaml@^3.7.0:
  version "3.7.0"
  resolved "https://registry.yarnpkg.com/js-yaml/-/js-yaml-3.7.0.tgz#5c967ddd837a9bfdca5f2de84253abe8a1c03b80"
  dependencies:
    argparse "^1.0.7"
    esprima "^2.6.0"

jsonfile@^2.1.0, jsonfile@^2.4.0:
  version "2.4.0"
  resolved "https://registry.yarnpkg.com/jsonfile/-/jsonfile-2.4.0.tgz#3736a2b428b87bbda0cc83b53fa3d633a35c2ae8"
  optionalDependencies:
    graceful-fs "^4.1.6"

key-path-helpers@^0.4.0:
  version "0.4.0"
  resolved "https://registry.yarnpkg.com/key-path-helpers/-/key-path-helpers-0.4.0.tgz#e87f6a159144adf2692e46f2a4641ce269c09119"

klaw@^1.0.0:
  version "1.3.1"
  resolved "https://registry.yarnpkg.com/klaw/-/klaw-1.3.1.tgz#4088433b46b3b1ba259d78785d8e96f73ba02439"
  optionalDependencies:
    graceful-fs "^4.1.9"

lodash.camelcase@^4.3.0:
  version "4.3.0"
  resolved "https://registry.yarnpkg.com/lodash.camelcase/-/lodash.camelcase-4.3.0.tgz#b28aa6288a2b9fc651035c7711f65ab6190331a6"

lodash@^4.13.1:
  version "4.17.4"
  resolved "https://registry.yarnpkg.com/lodash/-/lodash-4.17.4.tgz#78203a4d1c328ae1d86dca6460e369b57f4055ae"

"long@~2 >=2.2.3":
  version "2.4.0"
  resolved "https://registry.yarnpkg.com/long/-/long-2.4.0.tgz#9fa180bb1d9500cdc29c4156766a1995e1f4524f"

"mdns-js@github:mdns-js/node-mdns-js":
  version "0.5.3"
  resolved "https://codeload.github.com/mdns-js/node-mdns-js/tar.gz/fb05136e6666684bee9f9af012c74601a2664be3"
  dependencies:
    debug "^2.1.1"
    dns-js "~0.2.1"
    semver "~5.1.0"

mdns@^2.3.3:
  version "2.3.3"
  resolved "https://registry.yarnpkg.com/mdns/-/mdns-2.3.3.tgz#bbc6ad5407a230133d62e0da692f29f0bd49728e"
  dependencies:
    bindings "~1.2.1"
    nan "~2.3.0"

minimatch@^3.0.2:
  version "3.0.3"
  resolved "https://registry.yarnpkg.com/minimatch/-/minimatch-3.0.3.tgz#2a4e4090b96b2db06a9d7df01055a62a77c9b774"
  dependencies:
    brace-expansion "^1.0.0"

minimist@0.0.8, minimist@~0.0.1:
  version "0.0.8"
  resolved "https://registry.yarnpkg.com/minimist/-/minimist-0.0.8.tgz#857fcabfc3397d2625b8228262e86aa7a011b05d"

mkdirp@^0.5.1:
  version "0.5.1"
  resolved "https://registry.yarnpkg.com/mkdirp/-/mkdirp-0.5.1.tgz#30057438eac6cf7f8c4767f38648d6697d75c903"
  dependencies:
    minimist "0.0.8"

ms@0.7.2:
  version "0.7.2"
  resolved "https://registry.yarnpkg.com/ms/-/ms-0.7.2.tgz#ae25cf2512b3885a1d95d7f037868d8431124765"

nan@~2.3.0:
  version "2.3.5"
  resolved "https://registry.yarnpkg.com/nan/-/nan-2.3.5.tgz#822a0dc266290ce4cd3a12282ca3e7e364668a08"

node-mdns-easy@^1.0.0:
  version "1.0.4"
  resolved "https://registry.yarnpkg.com/node-mdns-easy/-/node-mdns-easy-1.0.4.tgz#339e03a719761269f90c2df23da9e17b0fd405ac"
  dependencies:
    mdns "^2.3.3"
    mdns-js "github:mdns-js/node-mdns-js"

once@^1.3.0:
  version "1.4.0"
  resolved "https://registry.yarnpkg.com/once/-/once-1.4.0.tgz#583b1aa775961d4b113ac17d9c50baef9dd76bd1"
  dependencies:
    wrappy "1"

optimist@^0.6.1:
  version "0.6.1"
  resolved "https://registry.yarnpkg.com/optimist/-/optimist-0.6.1.tgz#da3ea74686fa21a19a111c326e90eb15a0196686"
  dependencies:
    minimist "~0.0.1"
    wordwrap "~0.0.2"

optjs@latest:
  version "3.2.2"
  resolved "https://registry.yarnpkg.com/optjs/-/optjs-3.2.2.tgz#69a6ce89c442a44403141ad2f9b370bd5bb6f4ee"

path-is-absolute@^1.0.0:
  version "1.0.1"
  resolved "https://registry.yarnpkg.com/path-is-absolute/-/path-is-absolute-1.0.1.tgz#174b9268735534ffbc7ace6bf53a5a9e1b5c5f5f"

protobufjs@^3.2.2:
  version "3.8.2"
  resolved "https://registry.yarnpkg.com/protobufjs/-/protobufjs-3.8.2.tgz#bc826e34c3af4697e8d0af7a669e4d612aedcd17"
  dependencies:
    ascli "~0.3"
    bytebuffer "~3 >=3.5"

qap@^3.1.2:
  version "3.1.3"
  resolved "https://registry.yarnpkg.com/qap/-/qap-3.1.3.tgz#394288bf07c8fe16cf36bb2e40a3bb947ed24963"

rimraf@^2.2.8:
  version "2.5.4"
  resolved "https://registry.yarnpkg.com/rimraf/-/rimraf-2.5.4.tgz#96800093cbf1a0c86bd95b4625467535c29dfa04"
  dependencies:
    glob "^7.0.5"

semver@^5.3.0:
  version "5.3.0"
  resolved "https://registry.yarnpkg.com/semver/-/semver-5.3.0.tgz#9b2ce5d3de02d17c6012ad326aa6b4d0cf54f94f"

semver@~5.1.0:
  version "5.1.1"
  resolved "https://registry.yarnpkg.com/semver/-/semver-5.1.1.tgz#a3292a373e6f3e0798da0b20641b9a9c5bc47e19"

source-map-support@^0.4.8:
  version "0.4.8"
  resolved "https://registry.yarnpkg.com/source-map-support/-/source-map-support-0.4.8.tgz#4871918d8a3af07289182e974e32844327b2e98b"
  dependencies:
    source-map "^0.5.3"

source-map@^0.5.3:
  version "0.5.6"
  resolved "https://registry.yarnpkg.com/source-map/-/source-map-0.5.6.tgz#75ce38f52bf0733c5a7f0c118d81334a2bb5f412"

sprintf-js@~1.0.2:
  version "1.0.3"
  resolved "https://registry.yarnpkg.com/sprintf-js/-/sprintf-js-1.0.3.tgz#04e6926f662895354f3dd015203633b857297e2c"

windows-shortcuts@^0.1.4:
  version "0.1.4"
  resolved "https://registry.yarnpkg.com/windows-shortcuts/-/windows-shortcuts-0.1.4.tgz#3921bce9c2dc5c1542e5616ebb24b6eef065d17d"

wordwrap@~0.0.2:
  version "0.0.3"
  resolved "https://registry.yarnpkg.com/wordwrap/-/wordwrap-0.0.3.tgz#a3d5da6cd5c0bc0008d37234bbaf1bed63059107"

wrappy@1:
  version "1.0.2"
  resolved "https://registry.yarnpkg.com/wrappy/-/wrappy-1.0.2.tgz#b5243d8f3ec1aa35f1364605bc0d1036e30ab69f"
